
Microsoft Visual Studio Solution File, Format Version 12.00
# Visual Studio Version 16
VisualStudioVersion = 16.0.30114.105
MinimumVisualStudioVersion = 10.0.40219.1
Project("{2150E333-8FDC-42A3-9474-1A3956D46DE8}") = "client", "client", "{91252D3C-1AEC-4C52-A2C8-091A907CF4E7}"
EndProject
Project("{FAE04EC0-301F-11D3-BF4B-00C04F79EFBC}") = "Apache.ShenYu.Client", "client\Apache.ShenYu.Client\Apache.ShenYu.Client.csproj", "{91D50BB4-2A2A-4958-A254-8E7615516411}"
EndProject
Project("{2150E333-8FDC-42A3-9474-1A3956D46DE8}") = "examples", "examples", "{B0929019-98BA-4CBB-AA73-DD3E7AAD7CB9}"
EndProject
Project("{FAE04EC0-301F-11D3-BF4B-00C04F79EFBC}") = "AspNetCoreExample", "examples\AspNetCoreExample\AspNetCoreExample.csproj", "{863FF829-2DCB-4366-A1C2-167B6E5C8618}"
EndProject
Project("{FAE04EC0-301F-11D3-BF4B-00C04F79EFBC}") = "Apache.ShenYu.AspNetCore", "client\Apache.ShenYu.AspNetCore\Apache.ShenYu.AspNetCore.csproj", "{07B172F6-22EE-4D97-A124-B36078266631}"
EndProject
Project("{2150E333-8FDC-42A3-9474-1A3956D46DE8}") = "Tests", "Tests", "{0BD742B3-94AD-47D5-93E6-B105960A5470}"
EndProject
Project("{FAE04EC0-301F-11D3-BF4B-00C04F79EFBC}") = "Apache.ShenYu.Client.Tests", "client\Tests\Apache.ShenYu.Client.Tests\Apache.ShenYu.Client.Tests.csproj", "{4A5AA134-EF14-4229-8284-69DFFADC3404}"
EndProject
Project("{FAE04EC0-301F-11D3-BF4B-00C04F79EFBC}") = "Apache.ShenYu.IntegrationTests", "client\Tests\Apache.ShenYu.IntegrationTests\Apache.ShenYu.IntegrationTests.csproj", "{C15E50FD-EBF6-4DC5-8374-20D64A248BF6}"
EndProject
Global
	GlobalSection(SolutionConfigurationPlatforms) = preSolution
		Debug|Any CPU = Debug|Any CPU
		Debug|x64 = Debug|x64
		Debug|x86 = Debug|x86
		Release|Any CPU = Release|Any CPU
		Release|x64 = Release|x64
		Release|x86 = Release|x86
	EndGlobalSection
	GlobalSection(SolutionProperties) = preSolution
		HideSolutionNode = FALSE
	EndGlobalSection
	GlobalSection(ProjectConfigurationPlatforms) = postSolution
		{91D50BB4-2A2A-4958-A254-8E7615516411}.Debug|Any CPU.ActiveCfg = Debug|Any CPU
		{91D50BB4-2A2A-4958-A254-8E7615516411}.Debug|Any CPU.Build.0 = Debug|Any CPU
		{91D50BB4-2A2A-4958-A254-8E7615516411}.Debug|x64.ActiveCfg = Debug|Any CPU
		{91D50BB4-2A2A-4958-A254-8E7615516411}.Debug|x64.Build.0 = Debug|Any CPU
		{91D50BB4-2A2A-4958-A254-8E7615516411}.Debug|x86.ActiveCfg = Debug|Any CPU
		{91D50BB4-2A2A-4958-A254-8E7615516411}.Debug|x86.Build.0 = Debug|Any CPU
		{91D50BB4-2A2A-4958-A254-8E7615516411}.Release|Any CPU.ActiveCfg = Release|Any CPU
		{91D50BB4-2A2A-4958-A254-8E7615516411}.Release|Any CPU.Build.0 = Release|Any CPU
		{91D50BB4-2A2A-4958-A254-8E7615516411}.Release|x64.ActiveCfg = Release|Any CPU
		{91D50BB4-2A2A-4958-A254-8E7615516411}.Release|x64.Build.0 = Release|Any CPU
		{91D50BB4-2A2A-4958-A254-8E7615516411}.Release|x86.ActiveCfg = Release|Any CPU
		{91D50BB4-2A2A-4958-A254-8E7615516411}.Release|x86.Build.0 = Release|Any CPU
		{863FF829-2DCB-4366-A1C2-167B6E5C8618}.Debug|Any CPU.ActiveCfg = Debug|Any CPU
		{863FF829-2DCB-4366-A1C2-167B6E5C8618}.Debug|Any CPU.Build.0 = Debug|Any CPU
		{863FF829-2DCB-4366-A1C2-167B6E5C8618}.Debug|x64.ActiveCfg = Debug|Any CPU
		{863FF829-2DCB-4366-A1C2-167B6E5C8618}.Debug|x64.Build.0 = Debug|Any CPU
		{863FF829-2DCB-4366-A1C2-167B6E5C8618}.Debug|x86.ActiveCfg = Debug|Any CPU
		{863FF829-2DCB-4366-A1C2-167B6E5C8618}.Debug|x86.Build.0 = Debug|Any CPU
		{863FF829-2DCB-4366-A1C2-167B6E5C8618}.Release|Any CPU.ActiveCfg = Release|Any CPU
		{863FF829-2DCB-4366-A1C2-167B6E5C8618}.Release|Any CPU.Build.0 = Release|Any CPU
		{863FF829-2DCB-4366-A1C2-167B6E5C8618}.Release|x64.ActiveCfg = Release|Any CPU
		{863FF829-2DCB-4366-A1C2-167B6E5C8618}.Release|x64.Build.0 = Release|Any CPU
		{863FF829-2DCB-4366-A1C2-167B6E5C8618}.Release|x86.ActiveCfg = Release|Any CPU
		{863FF829-2DCB-4366-A1C2-167B6E5C8618}.Release|x86.Build.0 = Release|Any CPU
		{07B172F6-22EE-4D97-A124-B36078266631}.Debug|Any CPU.ActiveCfg = Debug|Any CPU
		{07B172F6-22EE-4D97-A124-B36078266631}.Debug|Any CPU.Build.0 = Debug|Any CPU
		{07B172F6-22EE-4D97-A124-B36078266631}.Debug|x64.ActiveCfg = Debug|Any CPU
		{07B172F6-22EE-4D97-A124-B36078266631}.Debug|x64.Build.0 = Debug|Any CPU
		{07B172F6-22EE-4D97-A124-B36078266631}.Debug|x86.ActiveCfg = Debug|Any CPU
		{07B172F6-22EE-4D97-A124-B36078266631}.Debug|x86.Build.0 = Debug|Any CPU
		{07B172F6-22EE-4D97-A124-B36078266631}.Release|Any CPU.ActiveCfg = Release|Any CPU
		{07B172F6-22EE-4D97-A124-B36078266631}.Release|Any CPU.Build.0 = Release|Any CPU
		{07B172F6-22EE-4D97-A124-B36078266631}.Release|x64.ActiveCfg = Release|Any CPU
		{07B172F6-22EE-4D97-A124-B36078266631}.Release|x64.Build.0 = Release|Any CPU
		{07B172F6-22EE-4D97-A124-B36078266631}.Release|x86.ActiveCfg = Release|Any CPU
		{07B172F6-22EE-4D97-A124-B36078266631}.Release|x86.Build.0 = Release|Any CPU
		{4A5AA134-EF14-4229-8284-69DFFADC3404}.Debug|Any CPU.ActiveCfg = Debug|Any CPU
		{4A5AA134-EF14-4229-8284-69DFFADC3404}.Debug|Any CPU.Build.0 = Debug|Any CPU
		{4A5AA134-EF14-4229-8284-69DFFADC3404}.Debug|x64.ActiveCfg = Debug|Any CPU
		{4A5AA134-EF14-4229-8284-69DFFADC3404}.Debug|x64.Build.0 = Debug|Any CPU
		{4A5AA134-EF14-4229-8284-69DFFADC3404}.Debug|x86.ActiveCfg = Debug|Any CPU
		{4A5AA134-EF14-4229-8284-69DFFADC3404}.Debug|x86.Build.0 = Debug|Any CPU
		{4A5AA134-EF14-4229-8284-69DFFADC3404}.Release|Any CPU.ActiveCfg = Release|Any CPU
		{4A5AA134-EF14-4229-8284-69DFFADC3404}.Release|Any CPU.Build.0 = Release|Any CPU
		{4A5AA134-EF14-4229-8284-69DFFADC3404}.Release|x64.ActiveCfg = Release|Any CPU
		{4A5AA134-EF14-4229-8284-69DFFADC3404}.Release|x64.Build.0 = Release|Any CPU
		{4A5AA134-EF14-4229-8284-69DFFADC3404}.Release|x86.ActiveCfg = Release|Any CPU
		{4A5AA134-EF14-4229-8284-69DFFADC3404}.Release|x86.Build.0 = Release|Any CPU
		{C15E50FD-EBF6-4DC5-8374-20D64A248BF6}.Debug|Any CPU.ActiveCfg = Debug|Any CPU
		{C15E50FD-EBF6-4DC5-8374-20D64A248BF6}.Debug|Any CPU.Build.0 = Debug|Any CPU
		{C15E50FD-EBF6-4DC5-8374-20D64A248BF6}.Debug|x64.ActiveCfg = Debug|Any CPU
		{C15E50FD-EBF6-4DC5-8374-20D64A248BF6}.Debug|x64.Build.0 = Debug|Any CPU
		{C15E50FD-EBF6-4DC5-8374-20D64A248BF6}.Debug|x86.ActiveCfg = Debug|Any CPU
		{C15E50FD-EBF6-4DC5-8374-20D64A248BF6}.Debug|x86.Build.0 = Debug|Any CPU
		{C15E50FD-EBF6-4DC5-8374-20D64A248BF6}.Release|Any CPU.ActiveCfg = Release|Any CPU
		{C15E50FD-EBF6-4DC5-8374-20D64A248BF6}.Release|Any CPU.Build.0 = Release|Any CPU
		{C15E50FD-EBF6-4DC5-8374-20D64A248BF6}.Release|x64.ActiveCfg = Release|Any CPU
		{C15E50FD-EBF6-4DC5-8374-20D64A248BF6}.Release|x64.Build.0 = Release|Any CPU
		{C15E50FD-EBF6-4DC5-8374-20D64A248BF6}.Release|x86.ActiveCfg = Release|Any CPU
		{C15E50FD-EBF6-4DC5-8374-20D64A248BF6}.Release|x86.Build.0 = Release|Any CPU
	EndGlobalSection
	GlobalSection(NestedProjects) = preSolution
		{91D50BB4-2A2A-4958-A254-8E7615516411} = {91252D3C-1AEC-4C52-A2C8-091A907CF4E7}
		{863FF829-2DCB-4366-A1C2-167B6E5C8618} = {B0929019-98BA-4CBB-AA73-DD3E7AAD7CB9}
		{07B172F6-22EE-4D97-A124-B36078266631} = {91252D3C-1AEC-4C52-A2C8-091A907CF4E7}
		{0BD742B3-94AD-47D5-93E6-B105960A5470} = {91252D3C-1AEC-4C52-A2C8-091A907CF4E7}
		{4A5AA134-EF14-4229-8284-69DFFADC3404} = {0BD742B3-94AD-47D5-93E6-B105960A5470}
		{C15E50FD-EBF6-4DC5-8374-20D64A248BF6} = {0BD742B3-94AD-47D5-93E6-B105960A5470}
	EndGlobalSection
EndGlobal
